
Microsoft Visual Studio Solution File, Format Version 12.00
# Visual Studio 15
VisualStudioVersion = 15.0.27703.2042
MinimumVisualStudioVersion = 10.0.40219.1
Project("{FAE04EC0-301F-11D3-BF4B-00C04F79EFBC}") = "SpeakStat", "SpeakStat\SpeakStat.csproj", "{EA29F716-EBB4-402D-8490-61E9880B6E3B}"
EndProject
Global
	GlobalSection(SolutionConfigurationPlatforms) = preSolution
		Debug|Any CPU = Debug|Any CPU
		Release|Any CPU = Release|Any CPU
	EndGlobalSection
	GlobalSection(ProjectConfigurationPlatforms) = postSolution
		{EA29F716-EBB4-402D-8490-61E9880B6E3B}.Debug|Any CPU.ActiveCfg = Debug|Any CPU
		{EA29F716-EBB4-402D-8490-61E9880B6E3B}.Debug|Any CPU.Build.0 = Debug|Any CPU
		{EA29F716-EBB4-402D-8490-61E9880B6E3B}.Release|Any CPU.ActiveCfg = Release|Any CPU
		{EA29F716-EBB4-402D-8490-61E9880B6E3B}.Release|Any CPU.Build.0 = Release|Any CPU
	EndGlobalSection
	GlobalSection(SolutionProperties) = preSolution
		HideSolutionNode = FALSE
	EndGlobalSection
	GlobalSection(ExtensibilityGlobals) = postSolution
		SolutionGuid = {27615C59-BE49-498C-87CF-0E25A3E82B42}
	EndGlobalSection
EndGlobal
